
Microsoft Visual Studio Solution File, Format Version 12.00
# Visual Studio 15
VisualStudioVersion = 15.0.27130.2036
MinimumVisualStudioVersion = 10.0.40219.1
Project("{FAE04EC0-301F-11D3-BF4B-00C04F79EFBC}") = "Scratchpad", "Scratchpad\Scratchpad.csproj", "{D67791A4-755E-4E07-97EE-B15D014A52D9}"
EndProject
Global
	GlobalSection(SolutionConfigurationPlatforms) = preSolution
		Debug|Any CPU = Debug|Any CPU
		Release|Any CPU = Release|Any CPU
	EndGlobalSection
	GlobalSection(ProjectConfigurationPlatforms) = postSolution
		{D67791A4-755E-4E07-97EE-B15D014A52D9}.Debug|Any CPU.ActiveCfg = Debug|Any CPU
		{D67791A4-755E-4E07-97EE-B15D014A52D9}.Debug|Any CPU.Build.0 = Debug|Any CPU
		{D67791A4-755E-4E07-97EE-B15D014A52D9}.Release|Any CPU.ActiveCfg = Release|Any CPU
		{D67791A4-755E-4E07-97EE-B15D014A52D9}.Release|Any CPU.Build.0 = Release|Any CPU
	EndGlobalSection
	GlobalSection(SolutionProperties) = preSolution
		HideSolutionNode = FALSE
	EndGlobalSection
	GlobalSection(ExtensibilityGlobals) = postSolution
		SolutionGuid = {5E1E6FF5-7ADB-4FD7-B870-E150D18F0871}
	EndGlobalSection
EndGlobal
